
Microsoft Visual Studio Solution File, Format Version 12.00
# Visual Studio Version 17
VisualStudioVersion = 17.7.34031.279
MinimumVisualStudioVersion = 10.0.40219.1
Project("{FAE04EC0-301F-11D3-BF4B-00C04F79EFBC}") = "Zoo", "Zoo.csproj", "{7E072DB1-556B-44CB-AEE3-2C612919FA81}"
EndProject
Global
	GlobalSection(SolutionConfigurationPlatforms) = preSolution
		Debug|Any CPU = Debug|Any CPU
		Release|Any CPU = Release|Any CPU
	EndGlobalSection
	GlobalSection(ProjectConfigurationPlatforms) = postSolution
		{7E072DB1-556B-44CB-AEE3-2C612919FA81}.Debug|Any CPU.ActiveCfg = Debug|Any CPU
		{7E072DB1-556B-44CB-AEE3-2C612919FA81}.Debug|Any CPU.Build.0 = Debug|Any CPU
		{7E072DB1-556B-44CB-AEE3-2C612919FA81}.Release|Any CPU.ActiveCfg = Release|Any CPU
		{7E072DB1-556B-44CB-AEE3-2C612919FA81}.Release|Any CPU.Build.0 = Release|Any CPU
	EndGlobalSection
	GlobalSection(SolutionProperties) = preSolution
		HideSolutionNode = FALSE
	EndGlobalSection
	GlobalSection(ExtensibilityGlobals) = postSolution
		SolutionGuid = {AFCF48CE-81AA-44BA-B461-042983746438}
	EndGlobalSection
EndGlobal
